
Microsoft Visual Studio Solution File, Format Version 12.00
# Visual Studio 2017
Project("{FAE04EC0-301F-11D3-BF4B-00C04F79EFBC}") = "Neon Odyssey", "Neon Odyssey.csproj", "{1457D523-7B83-1931-B1EE-D29CBFA3376B}"
EndProject
Project("{FAE04EC0-301F-11D3-BF4B-00C04F79EFBC}") = "Neon Odyssey.Editor", "Neon Odyssey.Editor.csproj", "{0AF31DDE-1DC1-8B4B-8237-EB31F687BB94}"
EndProject
Global
	GlobalSection(SolutionConfigurationPlatforms) = preSolution
		Debug|Any CPU = Debug|Any CPU
		Release|Any CPU = Release|Any CPU
	EndGlobalSection
	GlobalSection(ProjectConfigurationPlatforms) = postSolution
		{1457D523-7B83-1931-B1EE-D29CBFA3376B}.Debug|Any CPU.ActiveCfg = Debug|Any CPU
		{1457D523-7B83-1931-B1EE-D29CBFA3376B}.Debug|Any CPU.Build.0 = Debug|Any CPU
		{1457D523-7B83-1931-B1EE-D29CBFA3376B}.Release|Any CPU.ActiveCfg = Release|Any CPU
		{1457D523-7B83-1931-B1EE-D29CBFA3376B}.Release|Any CPU.Build.0 = Release|Any CPU
		{0AF31DDE-1DC1-8B4B-8237-EB31F687BB94}.Debug|Any CPU.ActiveCfg = Debug|Any CPU
		{0AF31DDE-1DC1-8B4B-8237-EB31F687BB94}.Debug|Any CPU.Build.0 = Debug|Any CPU
		{0AF31DDE-1DC1-8B4B-8237-EB31F687BB94}.Release|Any CPU.ActiveCfg = Release|Any CPU
		{0AF31DDE-1DC1-8B4B-8237-EB31F687BB94}.Release|Any CPU.Build.0 = Release|Any CPU
	EndGlobalSection
	GlobalSection(SolutionProperties) = preSolution
		HideSolutionNode = FALSE
	EndGlobalSection
EndGlobal
